
Microsoft Visual Studio Solution File, Format Version 12.00
# Visual Studio Version 16
VisualStudioVersion = 16.0.31005.135
MinimumVisualStudioVersion = 10.0.40219.1
Project("{FAE04EC0-301F-11D3-BF4B-00C04F79EFBC}") = "stand", "stand.csproj", "{CF0BD838-222C-4546-B0F6-105165472B2B}"
EndProject
Global
	GlobalSection(SolutionConfigurationPlatforms) = preSolution
		Debug|Any CPU = Debug|Any CPU
		Release|Any CPU = Release|Any CPU
	EndGlobalSection
	GlobalSection(ProjectConfigurationPlatforms) = postSolution
		{CF0BD838-222C-4546-B0F6-105165472B2B}.Debug|Any CPU.ActiveCfg = Debug|Any CPU
		{CF0BD838-222C-4546-B0F6-105165472B2B}.Debug|Any CPU.Build.0 = Debug|Any CPU
		{CF0BD838-222C-4546-B0F6-105165472B2B}.Release|Any CPU.ActiveCfg = Release|Any CPU
		{CF0BD838-222C-4546-B0F6-105165472B2B}.Release|Any CPU.Build.0 = Release|Any CPU
	EndGlobalSection
	GlobalSection(SolutionProperties) = preSolution
		HideSolutionNode = FALSE
	EndGlobalSection
	GlobalSection(ExtensibilityGlobals) = postSolution
		SolutionGuid = {5A930950-9A74-42AD-9DF0-1F5C690303D6}
	EndGlobalSection
EndGlobal
